// !$*UTF8*$!
{
	archiveVersion = 1;
	classes = {
	};
	objectVersion = 55;
	objects = {

/* Begin PBXBuildFile section */
		9114B91628C51ED40055F4FC /* string_validation.c in Sources */ = {isa = PBXBuildFile; fileRef = 9114B91528C51ED40055F4FC /* string_validation.c */; };
		9162CD6828B8F83500943C50 /* variables_and_types.c in Sources */ = {isa = PBXBuildFile; fileRef = 9162CD6728B8F83500943C50 /* variables_and_types.c */; };
		9162CD6A28B8F9C100943C50 /* loops_and_arrays.c in Sources */ = {isa = PBXBuildFile; fileRef = 9162CD6928B8F9C100943C50 /* loops_and_arrays.c */; };
		917C228528C5F63A004DA21C /* number_operation.c in Sources */ = {isa = PBXBuildFile; fileRef = 917C228428C5F63A004DA21C /* number_operation.c */; };
		91D77B8128B7A06300CF0771 /* main.c in Sources */ = {isa = PBXBuildFile; fileRef = 91D77B8028B7A06300CF0771 /* main.c */; };
/* End PBXBuildFile section */

/* Begin PBXCopyFilesBuildPhase section */
		91D77B7B28B7A06300CF0771 /* CopyFiles */ = {
			isa = PBXCopyFilesBuildPhase;
			buildActionMask = 2147483647;
			dstPath = /usr/share/man/man1/;
			dstSubfolderSpec = 0;
			files = (
			);
			runOnlyForDeploymentPostprocessing = 1;
		};
/* End PBXCopyFilesBuildPhase section */

/* Begin PBXFileReference section */
		9114B91528C51ED40055F4FC /* string_validation.c */ = {isa = PBXFileReference; lastKnownFileType = sourcecode.c.c; path = string_validation.c; sourceTree = "<group>"; };
		9162CD6728B8F83500943C50 /* variables_and_types.c */ = {isa = PBXFileReference; lastKnownFileType = sourcecode.c.c; path = variables_and_types.c; sourceTree = "<group>"; };
		9162CD6928B8F9C100943C50 /* loops_and_arrays.c */ = {isa = PBXFileReference; lastKnownFileType = sourcecode.c.c; path = loops_and_arrays.c; sourceTree = "<group>"; };
		917C228428C5F63A004DA21C /* number_operation.c */ = {isa = PBXFileReference; lastKnownFileType = sourcecode.c.c; path = number_operation.c; sourceTree = "<group>"; };
		91D77B7D28B7A06300CF0771 /* Basic-C */ = {isa = PBXFileReference; explicitFileType = "compiled.mach-o.executable"; includeInIndex = 0; path = "Basic-C"; sourceTree = BUILT_PRODUCTS_DIR; };
		91D77B8028B7A06300CF0771 /* main.c */ = {isa = PBXFileReference; lastKnownFileType = sourcecode.c.c; path = main.c; sourceTree = "<group>"; };
/* End PBXFileReference section */

/* Begin PBXFrameworksBuildPhase section */
		91D77B7A28B7A06300CF0771 /* Frameworks */ = {
			isa = PBXFrameworksBuildPhase;
			buildActionMask = 2147483647;
			files = (
			);
			runOnlyForDeploymentPostprocessing = 0;
		};
/* End PBXFrameworksBuildPhase section */

/* Begin PBXGroup section */
		9114B91328C51E670055F4FC /* Tugas-BOL */ = {
			isa = PBXGroup;
			children = (
				9114B91528C51ED40055F4FC /* string_validation.c */,
				917C228428C5F63A004DA21C /* number_operation.c */,
			);
			path = "Tugas-BOL";
			sourceTree = "<group>";
		};
		91D77B7428B7A06300CF0771 = {
			isa = PBXGroup;
			children = (
				9114B91328C51E670055F4FC /* Tugas-BOL */,
				91D77B7F28B7A06300CF0771 /* Basic-C */,
				91D77B7E28B7A06300CF0771 /* Products */,
			);
			sourceTree = "<group>";
		};
		91D77B7E28B7A06300CF0771 /* Products */ = {
			isa = PBXGroup;
			children = (
				91D77B7D28B7A06300CF0771 /* Basic-C */,
			);
			name = Products;
			sourceTree = "<group>";
		};
		91D77B7F28B7A06300CF0771 /* Basic-C */ = {
			isa = PBXGroup;
			children = (
				91D77B8028B7A06300CF0771 /* main.c */,
				9162CD6728B8F83500943C50 /* variables_and_types.c */,
				9162CD6928B8F9C100943C50 /* loops_and_arrays.c */,
			);
			path = "Basic-C";
			sourceTree = "<group>";
		};
/* End PBXGroup section */

/* Begin PBXNativeTarget section */
		91D77B7C28B7A06300CF0771 /* Basic-C */ = {
			isa = PBXNativeTarget;
			buildConfigurationList = 91D77B8428B7A06300CF0771 /* Build configuration list for PBXNativeTarget "Basic-C" */;
			buildPhases = (
				91D77B7928B7A06300CF0771 /* Sources */,
				91D77B7A28B7A06300CF0771 /* Frameworks */,
				91D77B7B28B7A06300CF0771 /* CopyFiles */,
			);
			buildRules = (
			);
			dependencies = (
			);
			name = "Basic-C";
			productName = "Basic-C";
			productReference = 91D77B7D28B7A06300CF0771 /* Basic-C */;
			productType = "com.apple.product-type.tool";
		};
/* End PBXNativeTarget section */

/* Begin PBXProject section */
		91D77B7528B7A06300CF0771 /* Project object */ = {
			isa = PBXProject;
			attributes = {
				BuildIndependentTargetsInParallel = 1;
				LastUpgradeCheck = 1300;
				TargetAttributes = {
					91D77B7C28B7A06300CF0771 = {
						CreatedOnToolsVersion = 13.0;
					};
				};
			};
			buildConfigurationList = 91D77B7828B7A06300CF0771 /* Build configuration list for PBXProject "Basic-C" */;
			compatibilityVersion = "Xcode 13.0";
			developmentRegion = en;
			hasScannedForEncodings = 0;
			knownRegions = (
				en,
				Base,
			);
			mainGroup = 91D77B7428B7A06300CF0771;
			productRefGroup = 91D77B7E28B7A06300CF0771 /* Products */;
			projectDirPath = "";
			projectRoot = "";
			targets = (
				91D77B7C28B7A06300CF0771 /* Basic-C */,
			);
		};
/* End PBXProject section */

/* Begin PBXSourcesBuildPhase section */
		91D77B7928B7A06300CF0771 /* Sources */ = {
			isa = PBXSourcesBuildPhase;
			buildActionMask = 2147483647;
			files = (
				91D77B8128B7A06300CF0771 /* main.c in Sources */,
				917C228528C5F63A004DA21C /* number_operation.c in Sources */,
				9114B91628C51ED40055F4FC /* string_validation.c in Sources */,
				9162CD6828B8F83500943C50 /* variables_and_types.c in Sources */,
				9162CD6A28B8F9C100943C50 /* loops_and_arrays.c in Sources */,
			);
			runOnlyForDeploymentPostprocessing = 0;
		};
/* End PBXSourcesBuildPhase section */

/* Begin XCBuildConfiguration section */
		91D77B8228B7A06300CF0771 /* Debug */ = {
			isa = XCBuildConfiguration;
			buildSettings = {
				ALWAYS_SEARCH_USER_PATHS = NO;
				CLANG_ANALYZER_NONNULL = YES;
				CLANG_ANALYZER_NUMBER_OBJECT_CONVERSION = YES_AGGRESSIVE;
				CLANG_CXX_LANGUAGE_STANDARD = "gnu++17";
				CLANG_CXX_LIBRARY = "libc++";
				CLANG_ENABLE_MODULES = YES;
				CLANG_ENABLE_OBJC_ARC = YES;
				CLANG_ENABLE_OBJC_WEAK = YES;
				CLANG_WARN_BLOCK_CAPTURE_AUTORELEASING = YES;
				CLANG_WARN_BOOL_CONVERSION = YES;
				CLANG_WARN_COMMA = YES;
				CLANG_WARN_CONSTANT_CONVERSION = YES;
				CLANG_WARN_DEPRECATED_OBJC_IMPLEMENTATIONS = YES;
				CLANG_WARN_DIRECT_OBJC_ISA_USAGE = YES_ERROR;
				CLANG_WARN_DOCUMENTATION_COMMENTS = YES;
				CLANG_WARN_EMPTY_BODY = YES;
				CLANG_WARN_ENUM_CONVERSION = YES;
				CLANG_WARN_INFINITE_RECURSION = YES;
				CLANG_WARN_INT_CONVERSION = YES;
				CLANG_WARN_NON_LITERAL_NULL_CONVERSION = YES;
				CLANG_WARN_OBJC_IMPLICIT_RETAIN_SELF = YES;
				CLANG_WARN_OBJC_LITERAL_CONVERSION = YES;
				CLANG_WARN_OBJC_ROOT_CLASS = YES_ERROR;
				CLANG_WARN_QUOTED_INCLUDE_IN_FRAMEWORK_HEADER = YES;
				CLANG_WARN_RANGE_LOOP_ANALYSIS = YES;
				CLANG_WARN_STRICT_PROTOTYPES = YES;
				CLANG_WARN_SUSPICIOUS_MOVE = YES;
				CLANG_WARN_UNGUARDED_AVAILABILITY = YES_AGGRESSIVE;
				CLANG_WARN_UNREACHABLE_CODE = YES;
				CLANG_WARN__DUPLICATE_METHOD_MATCH = YES;
				COPY_PHASE_STRIP = NO;
				DEBUG_INFORMATION_FORMAT = dwarf;
				ENABLE_STRICT_OBJC_MSGSEND = YES;
				ENABLE_TESTABILITY = YES;
				GCC_C_LANGUAGE_STANDARD = gnu11;
				GCC_DYNAMIC_NO_PIC = NO;
				GCC_NO_COMMON_BLOCKS = YES;
				GCC_OPTIMIZATION_LEVEL = 0;
				GCC_PREPROCESSOR_DEFINITIONS = (
					"DEBUG=1",
					"$(inherited)",
				);
				GCC_WARN_64_TO_32_BIT_CONVERSION = YES;
				GCC_WARN_ABOUT_RETURN_TYPE = YES_ERROR;
				GCC_WARN_UNDECLARED_SELECTOR = YES;
				GCC_WARN_UNINITIALIZED_AUTOS = YES_AGGRESSIVE;
				GCC_WARN_UNUSED_FUNCTION = YES;
				GCC_WARN_UNUSED_VARIABLE = YES;
				MACOSX_DEPLOYMENT_TARGET = 11.3;
				MTL_ENABLE_DEBUG_INFO = INCLUDE_SOURCE;
				MTL_FAST_MATH = YES;
				ONLY_ACTIVE_ARCH = YES;
				SDKROOT = macosx;
			};
			name = Debug;
		};
		91D77B8328B7A06300CF0771 /* Release */ = {
			isa = XCBuildConfiguration;
			buildSettings = {
				ALWAYS_SEARCH_USER_PATHS = NO;
				CLANG_ANALYZER_NONNULL = YES;
				CLANG_ANALYZER_NUMBER_OBJECT_CONVERSION = YES_AGGRESSIVE;
				CLANG_CXX_LANGUAGE_STANDARD = "gnu++17";
				CLANG_CXX_LIBRARY = "libc++";
				CLANG_ENABLE_MODULES = YES;
				CLANG_ENABLE_OBJC_ARC = YES;
				CLANG_ENABLE_OBJC_WEAK = YES;
				CLANG_WARN_BLOCK_CAPTURE_AUTORELEASING = YES;
				CLANG_WARN_BOOL_CONVERSION = YES;
				CLANG_WARN_COMMA = YES;
				CLANG_WARN_CONSTANT_CONVERSION = YES;
				CLANG_WARN_DEPRECATED_OBJC_IMPLEMENTATIONS = YES;
				CLANG_WARN_DIRECT_OBJC_ISA_USAGE = YES_ERROR;
				CLANG_WARN_DOCUMENTATION_COMMENTS = YES;
				CLANG_WARN_EMPTY_BODY = YES;
				CLANG_WARN_ENUM_CONVERSION = YES;
				CLANG_WARN_INFINITE_RECURSION = YES;
				CLANG_WARN_INT_CONVERSION = YES;
				CLANG_WARN_NON_LITERAL_NULL_CONVERSION = YES;
				CLANG_WARN_OBJC_IMPLICIT_RETAIN_SELF = YES;
				CLANG_WARN_OBJC_LITERAL_CONVERSION = YES;
				CLANG_WARN_OBJC_ROOT_CLASS = YES_ERROR;
				CLANG_WARN_QUOTED_INCLUDE_IN_FRAMEWORK_HEADER = YES;
				CLANG_WARN_RANGE_LOOP_ANALYSIS = YES;
				CLANG_WARN_STRICT_PROTOTYPES = YES;
				CLANG_WARN_SUSPICIOUS_MOVE = YES;
				CLANG_WARN_UNGUARDED_AVAILABILITY = YES_AGGRESSIVE;
				CLANG_WARN_UNREACHABLE_CODE = YES;
				CLANG_WARN__DUPLICATE_METHOD_MATCH = YES;
				COPY_PHASE_STRIP = NO;
				DEBUG_INFORMATION_FORMAT = "dwarf-with-dsym";
				ENABLE_NS_ASSERTIONS = NO;
				ENABLE_STRICT_OBJC_MSGSEND = YES;
				GCC_C_LANGUAGE_STANDARD = gnu11;
				GCC_NO_COMMON_BLOCKS = YES;
				GCC_WARN_64_TO_32_BIT_CONVERSION = YES;
				GCC_WARN_ABOUT_RETURN_TYPE = YES_ERROR;
				GCC_WARN_UNDECLARED_SELECTOR = YES;
				GCC_WARN_UNINITIALIZED_AUTOS = YES_AGGRESSIVE;
				GCC_WARN_UNUSED_FUNCTION = YES;
				GCC_WARN_UNUSED_VARIABLE = YES;
				MACOSX_DEPLOYMENT_TARGET = 11.3;
				MTL_ENABLE_DEBUG_INFO = NO;
				MTL_FAST_MATH = YES;
				SDKROOT = macosx;
			};
			name = Release;
		};
		91D77B8528B7A06300CF0771 /* Debug */ = {
			isa = XCBuildConfiguration;
			buildSettings = {
				CODE_SIGN_STYLE = Automatic;
				DEVELOPMENT_TEAM = SM8JGRFPQU;
				ENABLE_HARDENED_RUNTIME = YES;
				PRODUCT_NAME = "$(TARGET_NAME)";
			};
			name = Debug;
		};
		91D77B8628B7A06300CF0771 /* Release */ = {
			isa = XCBuildConfiguration;
			buildSettings = {
				CODE_SIGN_STYLE = Automatic;
				DEVELOPMENT_TEAM = SM8JGRFPQU;
				ENABLE_HARDENED_RUNTIME = YES;
				PRODUCT_NAME = "$(TARGET_NAME)";
			};
			name = Release;
		};
/* End XCBuildConfiguration section */

/* Begin XCConfigurationList section */
		91D77B7828B7A06300CF0771 /* Build configuration list for PBXProject "Basic-C" */ = {
			isa = XCConfigurationList;
			buildConfigurations = (
				91D77B8228B7A06300CF0771 /* Debug */,
				91D77B8328B7A06300CF0771 /* Release */,
			);
			defaultConfigurationIsVisible = 0;
			defaultConfigurationName = Release;
		};
		91D77B8428B7A06300CF0771 /* Build configuration list for PBXNativeTarget "Basic-C" */ = {
			isa = XCConfigurationList;
			buildConfigurations = (
				91D77B8528B7A06300CF0771 /* Debug */,
				91D77B8628B7A06300CF0771 /* Release */,
			);
			defaultConfigurationIsVisible = 0;
			defaultConfigurationName = Release;
		};
/* End XCConfigurationList section */
	};
	rootObject = 91D77B7528B7A06300CF0771 /* Project object */;
}
